
Microsoft Visual Studio Solution File, Format Version 12.00
# Visual Studio Version 16
VisualStudioVersion = 16.0.30717.126
MinimumVisualStudioVersion = 10.0.40219.1
Project("{FAE04EC0-301F-11D3-BF4B-00C04F79EFBC}") = "WebProject", "WebProject\WebProject.csproj", "{C076124B-6DA8-42B8-BDB5-6E3F063433AE}"
EndProject
Global
	GlobalSection(SolutionConfigurationPlatforms) = preSolution
		Debug|Any CPU = Debug|Any CPU
		Release|Any CPU = Release|Any CPU
	EndGlobalSection
	GlobalSection(ProjectConfigurationPlatforms) = postSolution
		{C076124B-6DA8-42B8-BDB5-6E3F063433AE}.Debug|Any CPU.ActiveCfg = Debug|Any CPU
		{C076124B-6DA8-42B8-BDB5-6E3F063433AE}.Debug|Any CPU.Build.0 = Debug|Any CPU
		{C076124B-6DA8-42B8-BDB5-6E3F063433AE}.Release|Any CPU.ActiveCfg = Release|Any CPU
		{C076124B-6DA8-42B8-BDB5-6E3F063433AE}.Release|Any CPU.Build.0 = Release|Any CPU
	EndGlobalSection
	GlobalSection(SolutionProperties) = preSolution
		HideSolutionNode = FALSE
	EndGlobalSection
	GlobalSection(ExtensibilityGlobals) = postSolution
		SolutionGuid = {5F1DFDF7-A333-49A9-92D6-6D61DCAA04B0}
	EndGlobalSection
EndGlobal
